
Microsoft Visual Studio Solution File, Format Version 12.00
# Visual Studio Version 17
VisualStudioVersion = 17.9.34622.214
MinimumVisualStudioVersion = 10.0.40219.1
Project("{FAE04EC0-301F-11D3-BF4B-00C04F79EFBC}") = "Parsercs", "Parsercs\Parsercs.csproj", "{966F2972-F993-4E80-99CA-B379864344B7}"
EndProject
Global
	GlobalSection(SolutionConfigurationPlatforms) = preSolution
		Debug|Any CPU = Debug|Any CPU
		Release|Any CPU = Release|Any CPU
	EndGlobalSection
	GlobalSection(ProjectConfigurationPlatforms) = postSolution
		{966F2972-F993-4E80-99CA-B379864344B7}.Debug|Any CPU.ActiveCfg = Debug|Any CPU
		{966F2972-F993-4E80-99CA-B379864344B7}.Debug|Any CPU.Build.0 = Debug|Any CPU
		{966F2972-F993-4E80-99CA-B379864344B7}.Release|Any CPU.ActiveCfg = Release|Any CPU
		{966F2972-F993-4E80-99CA-B379864344B7}.Release|Any CPU.Build.0 = Release|Any CPU
	EndGlobalSection
	GlobalSection(SolutionProperties) = preSolution
		HideSolutionNode = FALSE
	EndGlobalSection
	GlobalSection(ExtensibilityGlobals) = postSolution
		SolutionGuid = {3FB90023-F582-4A36-9A23-44EEC3AAB416}
	EndGlobalSection
EndGlobal
